{
  "name": "transitions-js",
  "version": "1.0.0",
  "lockfileVersion": 1,
  "requires": true,
  "dependencies": {
    "@dogstudio/highway": {
      "version": "2.1.3",
      "resolved": "https://registry.npmjs.org/@dogstudio/highway/-/highway-2.1.3.tgz",
      "integrity": "sha512-yf2vhsyd7ew0h6tjrCZd0fMYBYPpPNR1Dy0it0UkvWiYq/ZIziAgtUlqrar6TlElb5BuwIus0H4lrETZqA1fHg==",
      "requires": {
        "tiny-emitter": "^2.1.0"
      }
    },
    "gsap": {
      "version": "3.2.4",
      "resolved": "https://registry.npmjs.org/gsap/-/gsap-3.2.4.tgz",
      "integrity": "sha512-ssWh9xKV4COyOVFl4OdJmO5CIsUPaL5Fetw08dyBeAU8ZKS7jzlMgwtUOseXL8lvXq6amNNzD7/MdOLgeFWEIQ=="
    },
    "tiny-emitter": {
      "version": "2.1.0",
      "resolved": "https://registry.npmjs.org/tiny-emitter/-/tiny-emitter-2.1.0.tgz",
      "integrity": "sha512-NB6Dk1A9xgQPMoGqC5CVXn123gWyte215ONT5Pp5a0yt4nlEoO1ZWeCwpncaekPHXO60i47ihFnZPiRPjRMq4Q=="
    }
  }
}
